// !$*UTF8*$!
{
	archiveVersion = 1;
	classes = {
	};
	objectVersion = 56;
	objects = {

/* Begin PBXBuildFile section */
		1434AA932C8724EA006CFD47 /* AppDelegate.swift in Sources */ = {isa = PBXBuildFile; fileRef = 1434AA922C8724EA006CFD47 /* AppDelegate.swift */; };
		1434AA952C8724EA006CFD47 /* SceneDelegate.swift in Sources */ = {isa = PBXBuildFile; fileRef = 1434AA942C8724EA006CFD47 /* SceneDelegate.swift */; };
		1434AA972C8724EA006CFD47 /* TaskScreenViewController.swift in Sources */ = {isa = PBXBuildFile; fileRef = 1434AA962C8724EA006CFD47 /* TaskScreenViewController.swift */; };
		1434AA9C2C8724EC006CFD47 /* Assets.xcassets in Resources */ = {isa = PBXBuildFile; fileRef = 1434AA9B2C8724EC006CFD47 /* Assets.xcassets */; };
		1434AA9F2C8724EC006CFD47 /* Base in Resources */ = {isa = PBXBuildFile; fileRef = 1434AA9E2C8724EC006CFD47 /* Base */; };
		1434AAAA2C8724EC006CFD47 /* ToDoListTests.swift in Sources */ = {isa = PBXBuildFile; fileRef = 1434AAA92C8724EC006CFD47 /* ToDoListTests.swift */; };
		1434AAB42C8724EC006CFD47 /* ToDoListUITests.swift in Sources */ = {isa = PBXBuildFile; fileRef = 1434AAB32C8724EC006CFD47 /* ToDoListUITests.swift */; };
		1434AAB62C8724EC006CFD47 /* ToDoListUITestsLaunchTests.swift in Sources */ = {isa = PBXBuildFile; fileRef = 1434AAB52C8724EC006CFD47 /* ToDoListUITestsLaunchTests.swift */; };
		1434AACA2C873B0A006CFD47 /* TaskScreenView.swift in Sources */ = {isa = PBXBuildFile; fileRef = 1434AAC92C873B0A006CFD47 /* TaskScreenView.swift */; };
		1434AACC2C874671006CFD47 /* TaskScreenTableViewCell.swift in Sources */ = {isa = PBXBuildFile; fileRef = 1434AACB2C874671006CFD47 /* TaskScreenTableViewCell.swift */; };
		1434AACE2C874A16006CFD47 /* CoreDataManager.swift in Sources */ = {isa = PBXBuildFile; fileRef = 1434AACD2C874A16006CFD47 /* CoreDataManager.swift */; };
		1434AAD02C874A25006CFD47 /* NetworkManager.swift in Sources */ = {isa = PBXBuildFile; fileRef = 1434AACF2C874A25006CFD47 /* NetworkManager.swift */; };
		1434AAD22C88A526006CFD47 /* TaskScreenTableViewConfiguration.swift in Sources */ = {isa = PBXBuildFile; fileRef = 1434AAD12C88A526006CFD47 /* TaskScreenTableViewConfiguration.swift */; };
		1434AAD62C89AD5B006CFD47 /* CoreData.xcdatamodeld in Sources */ = {isa = PBXBuildFile; fileRef = 1434AAD42C89AD5B006CFD47 /* CoreData.xcdatamodeld */; };
		1434AAE32C89B059006CFD47 /* DummyJsonStructure.swift in Sources */ = {isa = PBXBuildFile; fileRef = 1434AAE22C89B059006CFD47 /* DummyJsonStructure.swift */; };
		1434AAE62C89C052006CFD47 /* Tasks+CoreDataClass.swift in Sources */ = {isa = PBXBuildFile; fileRef = 1434AAE42C89C052006CFD47 /* Tasks+CoreDataClass.swift */; };
		1434AAE72C89C052006CFD47 /* Tasks+CoreDataProperties.swift in Sources */ = {isa = PBXBuildFile; fileRef = 1434AAE52C89C052006CFD47 /* Tasks+CoreDataProperties.swift */; };
		1434AAE92C8A457F006CFD47 /* TaskScreenViewModel.swift in Sources */ = {isa = PBXBuildFile; fileRef = 1434AAE82C8A457F006CFD47 /* TaskScreenViewModel.swift */; };
		1453DD8D2C8B4BE8006E4FE1 /* DateManager.swift in Sources */ = {isa = PBXBuildFile; fileRef = 1453DD8C2C8B4BE7006E4FE1 /* DateManager.swift */; };
		1453DD902C8B9B04006E4FE1 /* TaskDetailsScreenView.swift in Sources */ = {isa = PBXBuildFile; fileRef = 1453DD8F2C8B9B04006E4FE1 /* TaskDetailsScreenView.swift */; };
		1453DD922C8B9B21006E4FE1 /* TaskDetailsScreenViewController.swift in Sources */ = {isa = PBXBuildFile; fileRef = 1453DD912C8B9B21006E4FE1 /* TaskDetailsScreenViewController.swift */; };
		1453DD942C8B9B4B006E4FE1 /* TaskDetailsScreenViewModel.swift in Sources */ = {isa = PBXBuildFile; fileRef = 1453DD932C8B9B4B006E4FE1 /* TaskDetailsScreenViewModel.swift */; };
/* End PBXBuildFile section */

/* Begin PBXContainerItemProxy section */
		1434AAA62C8724EC006CFD47 /* PBXContainerItemProxy */ = {
			isa = PBXContainerItemProxy;
			containerPortal = 1434AA872C8724E9006CFD47 /* Project object */;
			proxyType = 1;
			remoteGlobalIDString = 1434AA8E2C8724E9006CFD47;
			remoteInfo = ToDoList;
		};
		1434AAB02C8724EC006CFD47 /* PBXContainerItemProxy */ = {
			isa = PBXContainerItemProxy;
			containerPortal = 1434AA872C8724E9006CFD47 /* Project object */;
			proxyType = 1;
			remoteGlobalIDString = 1434AA8E2C8724E9006CFD47;
			remoteInfo = ToDoList;
		};
/* End PBXContainerItemProxy section */

/* Begin PBXFileReference section */
		1434AA8F2C8724EA006CFD47 /* ToDoList.app */ = {isa = PBXFileReference; explicitFileType = wrapper.application; includeInIndex = 0; path = ToDoList.app; sourceTree = BUILT_PRODUCTS_DIR; };
		1434AA922C8724EA006CFD47 /* AppDelegate.swift */ = {isa = PBXFileReference; lastKnownFileType = sourcecode.swift; path = AppDelegate.swift; sourceTree = "<group>"; };
		1434AA942C8724EA006CFD47 /* SceneDelegate.swift */ = {isa = PBXFileReference; lastKnownFileType = sourcecode.swift; path = SceneDelegate.swift; sourceTree = "<group>"; };
		1434AA962C8724EA006CFD47 /* TaskScreenViewController.swift */ = {isa = PBXFileReference; lastKnownFileType = sourcecode.swift; path = TaskScreenViewController.swift; sourceTree = "<group>"; };
		1434AA9B2C8724EC006CFD47 /* Assets.xcassets */ = {isa = PBXFileReference; lastKnownFileType = folder.assetcatalog; path = Assets.xcassets; sourceTree = "<group>"; };
		1434AA9E2C8724EC006CFD47 /* Base */ = {isa = PBXFileReference; lastKnownFileType = file.storyboard; name = Base; path = Base.lproj/LaunchScreen.storyboard; sourceTree = "<group>"; };
		1434AAA02C8724EC006CFD47 /* Info.plist */ = {isa = PBXFileReference; lastKnownFileType = text.plist.xml; path = Info.plist; sourceTree = "<group>"; };
		1434AAA52C8724EC006CFD47 /* ToDoListTests.xctest */ = {isa = PBXFileReference; explicitFileType = wrapper.cfbundle; includeInIndex = 0; path = ToDoListTests.xctest; sourceTree = BUILT_PRODUCTS_DIR; };
		1434AAA92C8724EC006CFD47 /* ToDoListTests.swift */ = {isa = PBXFileReference; lastKnownFileType = sourcecode.swift; path = ToDoListTests.swift; sourceTree = "<group>"; };
		1434AAAF2C8724EC006CFD47 /* ToDoListUITests.xctest */ = {isa = PBXFileReference; explicitFileType = wrapper.cfbundle; includeInIndex = 0; path = ToDoListUITests.xctest; sourceTree = BUILT_PRODUCTS_DIR; };
		1434AAB32C8724EC006CFD47 /* ToDoListUITests.swift */ = {isa = PBXFileReference; lastKnownFileType = sourcecode.swift; path = ToDoListUITests.swift; sourceTree = "<group>"; };
		1434AAB52C8724EC006CFD47 /* ToDoListUITestsLaunchTests.swift */ = {isa = PBXFileReference; lastKnownFileType = sourcecode.swift; path = ToDoListUITestsLaunchTests.swift; sourceTree = "<group>"; };
		1434AAC92C873B0A006CFD47 /* TaskScreenView.swift */ = {isa = PBXFileReference; lastKnownFileType = sourcecode.swift; path = TaskScreenView.swift; sourceTree = "<group>"; };
		1434AACB2C874671006CFD47 /* TaskScreenTableViewCell.swift */ = {isa = PBXFileReference; lastKnownFileType = sourcecode.swift; path = TaskScreenTableViewCell.swift; sourceTree = "<group>"; };
		1434AACD2C874A16006CFD47 /* CoreDataManager.swift */ = {isa = PBXFileReference; lastKnownFileType = sourcecode.swift; path = CoreDataManager.swift; sourceTree = "<group>"; };
		1434AACF2C874A25006CFD47 /* NetworkManager.swift */ = {isa = PBXFileReference; lastKnownFileType = sourcecode.swift; path = NetworkManager.swift; sourceTree = "<group>"; };
		1434AAD12C88A526006CFD47 /* TaskScreenTableViewConfiguration.swift */ = {isa = PBXFileReference; lastKnownFileType = sourcecode.swift; path = TaskScreenTableViewConfiguration.swift; sourceTree = "<group>"; };
		1434AAD52C89AD5B006CFD47 /* CoreData.xcdatamodel */ = {isa = PBXFileReference; lastKnownFileType = wrapper.xcdatamodel; path = CoreData.xcdatamodel; sourceTree = "<group>"; };
		1434AAE22C89B059006CFD47 /* DummyJsonStructure.swift */ = {isa = PBXFileReference; lastKnownFileType = sourcecode.swift; path = DummyJsonStructure.swift; sourceTree = "<group>"; };
		1434AAE42C89C052006CFD47 /* Tasks+CoreDataClass.swift */ = {isa = PBXFileReference; lastKnownFileType = sourcecode.swift; path = "Tasks+CoreDataClass.swift"; sourceTree = "<group>"; };
		1434AAE52C89C052006CFD47 /* Tasks+CoreDataProperties.swift */ = {isa = PBXFileReference; lastKnownFileType = sourcecode.swift; path = "Tasks+CoreDataProperties.swift"; sourceTree = "<group>"; };
		1434AAE82C8A457F006CFD47 /* TaskScreenViewModel.swift */ = {isa = PBXFileReference; lastKnownFileType = sourcecode.swift; path = TaskScreenViewModel.swift; sourceTree = "<group>"; };
		1453DD8C2C8B4BE7006E4FE1 /* DateManager.swift */ = {isa = PBXFileReference; lastKnownFileType = sourcecode.swift; path = DateManager.swift; sourceTree = "<group>"; };
		1453DD8F2C8B9B04006E4FE1 /* TaskDetailsScreenView.swift */ = {isa = PBXFileReference; lastKnownFileType = sourcecode.swift; path = TaskDetailsScreenView.swift; sourceTree = "<group>"; };
		1453DD912C8B9B21006E4FE1 /* TaskDetailsScreenViewController.swift */ = {isa = PBXFileReference; lastKnownFileType = sourcecode.swift; path = TaskDetailsScreenViewController.swift; sourceTree = "<group>"; };
		1453DD932C8B9B4B006E4FE1 /* TaskDetailsScreenViewModel.swift */ = {isa = PBXFileReference; lastKnownFileType = sourcecode.swift; path = TaskDetailsScreenViewModel.swift; sourceTree = "<group>"; };
/* End PBXFileReference section */

/* Begin PBXFrameworksBuildPhase section */
		1434AA8C2C8724E9006CFD47 /* Frameworks */ = {
			isa = PBXFrameworksBuildPhase;
			buildActionMask = 2147483647;
			files = (
			);
			runOnlyForDeploymentPostprocessing = 0;
		};
		1434AAA22C8724EC006CFD47 /* Frameworks */ = {
			isa = PBXFrameworksBuildPhase;
			buildActionMask = 2147483647;
			files = (
			);
			runOnlyForDeploymentPostprocessing = 0;
		};
		1434AAAC2C8724EC006CFD47 /* Frameworks */ = {
			isa = PBXFrameworksBuildPhase;
			buildActionMask = 2147483647;
			files = (
			);
			runOnlyForDeploymentPostprocessing = 0;
		};
/* End PBXFrameworksBuildPhase section */

/* Begin PBXGroup section */
		1434AA862C8724E9006CFD47 = {
			isa = PBXGroup;
			children = (
				1434AA912C8724EA006CFD47 /* ToDoList */,
				1434AAA82C8724EC006CFD47 /* ToDoListTests */,
				1434AAB22C8724EC006CFD47 /* ToDoListUITests */,
				1434AA902C8724EA006CFD47 /* Products */,
			);
			sourceTree = "<group>";
		};
		1434AA902C8724EA006CFD47 /* Products */ = {
			isa = PBXGroup;
			children = (
				1434AA8F2C8724EA006CFD47 /* ToDoList.app */,
				1434AAA52C8724EC006CFD47 /* ToDoListTests.xctest */,
				1434AAAF2C8724EC006CFD47 /* ToDoListUITests.xctest */,
			);
			name = Products;
			sourceTree = "<group>";
		};
		1434AA912C8724EA006CFD47 /* ToDoList */ = {
			isa = PBXGroup;
			children = (
				1434AAC42C872F3E006CFD47 /* Screens */,
				1434AAC32C872F31006CFD47 /* Resources */,
				1434AAC22C87252A006CFD47 /* Application */,
			);
			path = ToDoList;
			sourceTree = "<group>";
		};
		1434AAA82C8724EC006CFD47 /* ToDoListTests */ = {
			isa = PBXGroup;
			children = (
				1434AAA92C8724EC006CFD47 /* ToDoListTests.swift */,
			);
			path = ToDoListTests;
			sourceTree = "<group>";
		};
		1434AAB22C8724EC006CFD47 /* ToDoListUITests */ = {
			isa = PBXGroup;
			children = (
				1434AAB32C8724EC006CFD47 /* ToDoListUITests.swift */,
				1434AAB52C8724EC006CFD47 /* ToDoListUITestsLaunchTests.swift */,
			);
			path = ToDoListUITests;
			sourceTree = "<group>";
		};
		1434AAC22C87252A006CFD47 /* Application */ = {
			isa = PBXGroup;
			children = (
				1434AA922C8724EA006CFD47 /* AppDelegate.swift */,
				1434AA942C8724EA006CFD47 /* SceneDelegate.swift */,
			);
			path = Application;
			sourceTree = "<group>";
		};
		1434AAC32C872F31006CFD47 /* Resources */ = {
			isa = PBXGroup;
			children = (
				1434AAA02C8724EC006CFD47 /* Info.plist */,
				1434AA9D2C8724EC006CFD47 /* LaunchScreen.storyboard */,
				1434AA9B2C8724EC006CFD47 /* Assets.xcassets */,
			);
			path = Resources;
			sourceTree = "<group>";
		};
		1434AAC42C872F3E006CFD47 /* Screens */ = {
			isa = PBXGroup;
			children = (
				1453DD8E2C8B9A84006E4FE1 /* Tasks Detail Screen */,
				1434AAC62C872FFE006CFD47 /* Managers */,
				1434AAC52C872FAA006CFD47 /* Tasks List Screen */,
			);
			path = Screens;
			sourceTree = "<group>";
		};
		1434AAC52C872FAA006CFD47 /* Tasks List Screen */ = {
			isa = PBXGroup;
			children = (
				1434AA962C8724EA006CFD47 /* TaskScreenViewController.swift */,
				1434AAC92C873B0A006CFD47 /* TaskScreenView.swift */,
				1434AACB2C874671006CFD47 /* TaskScreenTableViewCell.swift */,
				1434AAD12C88A526006CFD47 /* TaskScreenTableViewConfiguration.swift */,
				1434AAE82C8A457F006CFD47 /* TaskScreenViewModel.swift */,
			);
			path = "Tasks List Screen";
			sourceTree = "<group>";
		};
		1434AAC62C872FFE006CFD47 /* Managers */ = {
			isa = PBXGroup;
			children = (
				1453DD8C2C8B4BE7006E4FE1 /* DateManager.swift */,
				1434AAE12C89AFFF006CFD47 /* Network */,
				1434AAD32C88B149006CFD47 /* CoreData */,
			);
			path = Managers;
			sourceTree = "<group>";
		};
		1434AAD32C88B149006CFD47 /* CoreData */ = {
			isa = PBXGroup;
			children = (
				1434AAE42C89C052006CFD47 /* Tasks+CoreDataClass.swift */,
				1434AAE52C89C052006CFD47 /* Tasks+CoreDataProperties.swift */,
				1434AACD2C874A16006CFD47 /* CoreDataManager.swift */,
				1434AAD42C89AD5B006CFD47 /* CoreData.xcdatamodeld */,
			);
			path = CoreData;
			sourceTree = "<group>";
		};
		1434AAE12C89AFFF006CFD47 /* Network */ = {
			isa = PBXGroup;
			children = (
				1434AACF2C874A25006CFD47 /* NetworkManager.swift */,
				1434AAE22C89B059006CFD47 /* DummyJsonStructure.swift */,
			);
			path = Network;
			sourceTree = "<group>";
		};
		1453DD8E2C8B9A84006E4FE1 /* Tasks Detail Screen */ = {
			isa = PBXGroup;
			children = (
				1453DD8F2C8B9B04006E4FE1 /* TaskDetailsScreenView.swift */,
				1453DD912C8B9B21006E4FE1 /* TaskDetailsScreenViewController.swift */,
				1453DD932C8B9B4B006E4FE1 /* TaskDetailsScreenViewModel.swift */,
			);
			path = "Tasks Detail Screen";
			sourceTree = "<group>";
		};
/* End PBXGroup section */

/* Begin PBXNativeTarget section */
		1434AA8E2C8724E9006CFD47 /* ToDoList */ = {
			isa = PBXNativeTarget;
			buildConfigurationList = 1434AAB92C8724EC006CFD47 /* Build configuration list for PBXNativeTarget "ToDoList" */;
			buildPhases = (
				1434AA8B2C8724E9006CFD47 /* Sources */,
				1434AA8C2C8724E9006CFD47 /* Frameworks */,
				1434AA8D2C8724E9006CFD47 /* Resources */,
			);
			buildRules = (
			);
			dependencies = (
			);
			name = ToDoList;
			productName = ToDoList;
			productReference = 1434AA8F2C8724EA006CFD47 /* ToDoList.app */;
			productType = "com.apple.product-type.application";
		};
		1434AAA42C8724EC006CFD47 /* ToDoListTests */ = {
			isa = PBXNativeTarget;
			buildConfigurationList = 1434AABC2C8724EC006CFD47 /* Build configuration list for PBXNativeTarget "ToDoListTests" */;
			buildPhases = (
				1434AAA12C8724EC006CFD47 /* Sources */,
				1434AAA22C8724EC006CFD47 /* Frameworks */,
				1434AAA32C8724EC006CFD47 /* Resources */,
			);
			buildRules = (
			);
			dependencies = (
				1434AAA72C8724EC006CFD47 /* PBXTargetDependency */,
			);
			name = ToDoListTests;
			productName = ToDoListTests;
			productReference = 1434AAA52C8724EC006CFD47 /* ToDoListTests.xctest */;
			productType = "com.apple.product-type.bundle.unit-test";
		};
		1434AAAE2C8724EC006CFD47 /* ToDoListUITests */ = {
			isa = PBXNativeTarget;
			buildConfigurationList = 1434AABF2C8724EC006CFD47 /* Build configuration list for PBXNativeTarget "ToDoListUITests" */;
			buildPhases = (
				1434AAAB2C8724EC006CFD47 /* Sources */,
				1434AAAC2C8724EC006CFD47 /* Frameworks */,
				1434AAAD2C8724EC006CFD47 /* Resources */,
			);
			buildRules = (
			);
			dependencies = (
				1434AAB12C8724EC006CFD47 /* PBXTargetDependency */,
			);
			name = ToDoListUITests;
			productName = ToDoListUITests;
			productReference = 1434AAAF2C8724EC006CFD47 /* ToDoListUITests.xctest */;
			productType = "com.apple.product-type.bundle.ui-testing";
		};
/* End PBXNativeTarget section */

/* Begin PBXProject section */
		1434AA872C8724E9006CFD47 /* Project object */ = {
			isa = PBXProject;
			attributes = {
				BuildIndependentTargetsInParallel = 1;
				LastSwiftUpdateCheck = 1540;
				LastUpgradeCheck = 1540;
				TargetAttributes = {
					1434AA8E2C8724E9006CFD47 = {
						CreatedOnToolsVersion = 15.4;
					};
					1434AAA42C8724EC006CFD47 = {
						CreatedOnToolsVersion = 15.4;
						TestTargetID = 1434AA8E2C8724E9006CFD47;
					};
					1434AAAE2C8724EC006CFD47 = {
						CreatedOnToolsVersion = 15.4;
						TestTargetID = 1434AA8E2C8724E9006CFD47;
					};
				};
			};
			buildConfigurationList = 1434AA8A2C8724E9006CFD47 /* Build configuration list for PBXProject "ToDoList" */;
			compatibilityVersion = "Xcode 14.0";
			developmentRegion = en;
			hasScannedForEncodings = 0;
			knownRegions = (
				en,
				Base,
			);
			mainGroup = 1434AA862C8724E9006CFD47;
			productRefGroup = 1434AA902C8724EA006CFD47 /* Products */;
			projectDirPath = "";
			projectRoot = "";
			targets = (
				1434AA8E2C8724E9006CFD47 /* ToDoList */,
				1434AAA42C8724EC006CFD47 /* ToDoListTests */,
				1434AAAE2C8724EC006CFD47 /* ToDoListUITests */,
			);
		};
/* End PBXProject section */

/* Begin PBXResourcesBuildPhase section */
		1434AA8D2C8724E9006CFD47 /* Resources */ = {
			isa = PBXResourcesBuildPhase;
			buildActionMask = 2147483647;
			files = (
				1434AA9C2C8724EC006CFD47 /* Assets.xcassets in Resources */,
				1434AA9F2C8724EC006CFD47 /* Base in Resources */,
			);
			runOnlyForDeploymentPostprocessing = 0;
		};
		1434AAA32C8724EC006CFD47 /* Resources */ = {
			isa = PBXResourcesBuildPhase;
			buildActionMask = 2147483647;
			files = (
			);
			runOnlyForDeploymentPostprocessing = 0;
		};
		1434AAAD2C8724EC006CFD47 /* Resources */ = {
			isa = PBXResourcesBuildPhase;
			buildActionMask = 2147483647;
			files = (
			);
			runOnlyForDeploymentPostprocessing = 0;
		};
/* End PBXResourcesBuildPhase section */

/* Begin PBXSourcesBuildPhase section */
		1434AA8B2C8724E9006CFD47 /* Sources */ = {
			isa = PBXSourcesBuildPhase;
			buildActionMask = 2147483647;
			files = (
				1453DD942C8B9B4B006E4FE1 /* TaskDetailsScreenViewModel.swift in Sources */,
				1434AACE2C874A16006CFD47 /* CoreDataManager.swift in Sources */,
				1453DD8D2C8B4BE8006E4FE1 /* DateManager.swift in Sources */,
				1434AA972C8724EA006CFD47 /* TaskScreenViewController.swift in Sources */,
				1453DD902C8B9B04006E4FE1 /* TaskDetailsScreenView.swift in Sources */,
				1434AAE32C89B059006CFD47 /* DummyJsonStructure.swift in Sources */,
				1434AAD62C89AD5B006CFD47 /* CoreData.xcdatamodeld in Sources */,
				1434AACA2C873B0A006CFD47 /* TaskScreenView.swift in Sources */,
				1434AAD02C874A25006CFD47 /* NetworkManager.swift in Sources */,
				1453DD922C8B9B21006E4FE1 /* TaskDetailsScreenViewController.swift in Sources */,
				1434AA932C8724EA006CFD47 /* AppDelegate.swift in Sources */,
				1434AAE62C89C052006CFD47 /* Tasks+CoreDataClass.swift in Sources */,
				1434AAE72C89C052006CFD47 /* Tasks+CoreDataProperties.swift in Sources */,
				1434AACC2C874671006CFD47 /* TaskScreenTableViewCell.swift in Sources */,
				1434AAE92C8A457F006CFD47 /* TaskScreenViewModel.swift in Sources */,
				1434AA952C8724EA006CFD47 /* SceneDelegate.swift in Sources */,
				1434AAD22C88A526006CFD47 /* TaskScreenTableViewConfiguration.swift in Sources */,
			);
			runOnlyForDeploymentPostprocessing = 0;
		};
		1434AAA12C8724EC006CFD47 /* Sources */ = {
			isa = PBXSourcesBuildPhase;
			buildActionMask = 2147483647;
			files = (
				1434AAAA2C8724EC006CFD47 /* ToDoListTests.swift in Sources */,
			);
			runOnlyForDeploymentPostprocessing = 0;
		};
		1434AAAB2C8724EC006CFD47 /* Sources */ = {
			isa = PBXSourcesBuildPhase;
			buildActionMask = 2147483647;
			files = (
				1434AAB62C8724EC006CFD47 /* ToDoListUITestsLaunchTests.swift in Sources */,
				1434AAB42C8724EC006CFD47 /* ToDoListUITests.swift in Sources */,
			);
			runOnlyForDeploymentPostprocessing = 0;
		};
/* End PBXSourcesBuildPhase section */

/* Begin PBXTargetDependency section */
		1434AAA72C8724EC006CFD47 /* PBXTargetDependency */ = {
			isa = PBXTargetDependency;
			target = 1434AA8E2C8724E9006CFD47 /* ToDoList */;
			targetProxy = 1434AAA62C8724EC006CFD47 /* PBXContainerItemProxy */;
		};
		1434AAB12C8724EC006CFD47 /* PBXTargetDependency */ = {
			isa = PBXTargetDependency;
			target = 1434AA8E2C8724E9006CFD47 /* ToDoList */;
			targetProxy = 1434AAB02C8724EC006CFD47 /* PBXContainerItemProxy */;
		};
/* End PBXTargetDependency section */

/* Begin PBXVariantGroup section */
		1434AA9D2C8724EC006CFD47 /* LaunchScreen.storyboard */ = {
			isa = PBXVariantGroup;
			children = (
				1434AA9E2C8724EC006CFD47 /* Base */,
			);
			name = LaunchScreen.storyboard;
			sourceTree = "<group>";
		};
/* End PBXVariantGroup section */

/* Begin XCBuildConfiguration section */
		1434AAB72C8724EC006CFD47 /* Debug */ = {
			isa = XCBuildConfiguration;
			buildSettings = {
				ALWAYS_SEARCH_USER_PATHS = NO;
				ASSETCATALOG_COMPILER_GENERATE_SWIFT_ASSET_SYMBOL_EXTENSIONS = YES;
				CLANG_ANALYZER_NONNULL = YES;
				CLANG_ANALYZER_NUMBER_OBJECT_CONVERSION = YES_AGGRESSIVE;
				CLANG_CXX_LANGUAGE_STANDARD = "gnu++20";
				CLANG_ENABLE_MODULES = YES;
				CLANG_ENABLE_OBJC_ARC = YES;
				CLANG_ENABLE_OBJC_WEAK = YES;
				CLANG_WARN_BLOCK_CAPTURE_AUTORELEASING = YES;
				CLANG_WARN_BOOL_CONVERSION = YES;
				CLANG_WARN_COMMA = YES;
				CLANG_WARN_CONSTANT_CONVERSION = YES;
				CLANG_WARN_DEPRECATED_OBJC_IMPLEMENTATIONS = YES;
				CLANG_WARN_DIRECT_OBJC_ISA_USAGE = YES_ERROR;
				CLANG_WARN_DOCUMENTATION_COMMENTS = YES;
				CLANG_WARN_EMPTY_BODY = YES;
				CLANG_WARN_ENUM_CONVERSION = YES;
				CLANG_WARN_INFINITE_RECURSION = YES;
				CLANG_WARN_INT_CONVERSION = YES;
				CLANG_WARN_NON_LITERAL_NULL_CONVERSION = YES;
				CLANG_WARN_OBJC_IMPLICIT_RETAIN_SELF = YES;
				CLANG_WARN_OBJC_LITERAL_CONVERSION = YES;
				CLANG_WARN_OBJC_ROOT_CLASS = YES_ERROR;
				CLANG_WARN_QUOTED_INCLUDE_IN_FRAMEWORK_HEADER = YES;
				CLANG_WARN_RANGE_LOOP_ANALYSIS = YES;
				CLANG_WARN_STRICT_PROTOTYPES = YES;
				CLANG_WARN_SUSPICIOUS_MOVE = YES;
				CLANG_WARN_UNGUARDED_AVAILABILITY = YES_AGGRESSIVE;
				CLANG_WARN_UNREACHABLE_CODE = YES;
				CLANG_WARN__DUPLICATE_METHOD_MATCH = YES;
				COPY_PHASE_STRIP = NO;
				DEBUG_INFORMATION_FORMAT = dwarf;
				ENABLE_STRICT_OBJC_MSGSEND = YES;
				ENABLE_TESTABILITY = YES;
				ENABLE_USER_SCRIPT_SANDBOXING = YES;
				GCC_C_LANGUAGE_STANDARD = gnu17;
				GCC_DYNAMIC_NO_PIC = NO;
				GCC_NO_COMMON_BLOCKS = YES;
				GCC_OPTIMIZATION_LEVEL = 0;
				GCC_PREPROCESSOR_DEFINITIONS = (
					"DEBUG=1",
					"$(inherited)",
				);
				GCC_WARN_64_TO_32_BIT_CONVERSION = YES;
				GCC_WARN_ABOUT_RETURN_TYPE = YES_ERROR;
				GCC_WARN_UNDECLARED_SELECTOR = YES;
				GCC_WARN_UNINITIALIZED_AUTOS = YES_AGGRESSIVE;
				GCC_WARN_UNUSED_FUNCTION = YES;
				GCC_WARN_UNUSED_VARIABLE = YES;
				IPHONEOS_DEPLOYMENT_TARGET = 17.5;
				LOCALIZATION_PREFERS_STRING_CATALOGS = YES;
				MTL_ENABLE_DEBUG_INFO = INCLUDE_SOURCE;
				MTL_FAST_MATH = YES;
				ONLY_ACTIVE_ARCH = YES;
				SDKROOT = iphoneos;
				SWIFT_ACTIVE_COMPILATION_CONDITIONS = "DEBUG $(inherited)";
				SWIFT_OPTIMIZATION_LEVEL = "-Onone";
			};
			name = Debug;
		};
		1434AAB82C8724EC006CFD47 /* Release */ = {
			isa = XCBuildConfiguration;
			buildSettings = {
				ALWAYS_SEARCH_USER_PATHS = NO;
				ASSETCATALOG_COMPILER_GENERATE_SWIFT_ASSET_SYMBOL_EXTENSIONS = YES;
				CLANG_ANALYZER_NONNULL = YES;
				CLANG_ANALYZER_NUMBER_OBJECT_CONVERSION = YES_AGGRESSIVE;
				CLANG_CXX_LANGUAGE_STANDARD = "gnu++20";
				CLANG_ENABLE_MODULES = YES;
				CLANG_ENABLE_OBJC_ARC = YES;
				CLANG_ENABLE_OBJC_WEAK = YES;
				CLANG_WARN_BLOCK_CAPTURE_AUTORELEASING = YES;
				CLANG_WARN_BOOL_CONVERSION = YES;
				CLANG_WARN_COMMA = YES;
				CLANG_WARN_CONSTANT_CONVERSION = YES;
				CLANG_WARN_DEPRECATED_OBJC_IMPLEMENTATIONS = YES;
				CLANG_WARN_DIRECT_OBJC_ISA_USAGE = YES_ERROR;
				CLANG_WARN_DOCUMENTATION_COMMENTS = YES;
				CLANG_WARN_EMPTY_BODY = YES;
				CLANG_WARN_ENUM_CONVERSION = YES;
				CLANG_WARN_INFINITE_RECURSION = YES;
				CLANG_WARN_INT_CONVERSION = YES;
				CLANG_WARN_NON_LITERAL_NULL_CONVERSION = YES;
				CLANG_WARN_OBJC_IMPLICIT_RETAIN_SELF = YES;
				CLANG_WARN_OBJC_LITERAL_CONVERSION = YES;
				CLANG_WARN_OBJC_ROOT_CLASS = YES_ERROR;
				CLANG_WARN_QUOTED_INCLUDE_IN_FRAMEWORK_HEADER = YES;
				CLANG_WARN_RANGE_LOOP_ANALYSIS = YES;
				CLANG_WARN_STRICT_PROTOTYPES = YES;
				CLANG_WARN_SUSPICIOUS_MOVE = YES;
				CLANG_WARN_UNGUARDED_AVAILABILITY = YES_AGGRESSIVE;
				CLANG_WARN_UNREACHABLE_CODE = YES;
				CLANG_WARN__DUPLICATE_METHOD_MATCH = YES;
				COPY_PHASE_STRIP = NO;
				DEBUG_INFORMATION_FORMAT = "dwarf-with-dsym";
				ENABLE_NS_ASSERTIONS = NO;
				ENABLE_STRICT_OBJC_MSGSEND = YES;
				ENABLE_USER_SCRIPT_SANDBOXING = YES;
				GCC_C_LANGUAGE_STANDARD = gnu17;
				GCC_NO_COMMON_BLOCKS = YES;
				GCC_WARN_64_TO_32_BIT_CONVERSION = YES;
				GCC_WARN_ABOUT_RETURN_TYPE = YES_ERROR;
				GCC_WARN_UNDECLARED_SELECTOR = YES;
				GCC_WARN_UNINITIALIZED_AUTOS = YES_AGGRESSIVE;
				GCC_WARN_UNUSED_FUNCTION = YES;
				GCC_WARN_UNUSED_VARIABLE = YES;
				IPHONEOS_DEPLOYMENT_TARGET = 17.5;
				LOCALIZATION_PREFERS_STRING_CATALOGS = YES;
				MTL_ENABLE_DEBUG_INFO = NO;
				MTL_FAST_MATH = YES;
				SDKROOT = iphoneos;
				SWIFT_COMPILATION_MODE = wholemodule;
				VALIDATE_PRODUCT = YES;
			};
			name = Release;
		};
		1434AABA2C8724EC006CFD47 /* Debug */ = {
			isa = XCBuildConfiguration;
			buildSettings = {
				ASSETCATALOG_COMPILER_APPICON_NAME = AppIcon;
				ASSETCATALOG_COMPILER_GLOBAL_ACCENT_COLOR_NAME = AccentColor;
				CODE_SIGN_STYLE = Automatic;
				CURRENT_PROJECT_VERSION = 1;
				GENERATE_INFOPLIST_FILE = YES;
				INFOPLIST_FILE = ToDoList/Resources/Info.plist;
				INFOPLIST_KEY_UIApplicationSupportsIndirectInputEvents = YES;
				INFOPLIST_KEY_UILaunchStoryboardName = LaunchScreen;
				INFOPLIST_KEY_UISupportedInterfaceOrientations_iPad = "UIInterfaceOrientationPortrait UIInterfaceOrientationPortraitUpsideDown UIInterfaceOrientationLandscapeLeft UIInterfaceOrientationLandscapeRight";
				INFOPLIST_KEY_UISupportedInterfaceOrientations_iPhone = "UIInterfaceOrientationPortrait UIInterfaceOrientationLandscapeLeft UIInterfaceOrientationLandscapeRight";
				LD_RUNPATH_SEARCH_PATHS = (
					"$(inherited)",
					"@executable_path/Frameworks",
				);
				MARKETING_VERSION = 1.0;
				PRODUCT_BUNDLE_IDENTIFIER = com.example.ToDoList;
				PRODUCT_NAME = "$(TARGET_NAME)";
				SWIFT_EMIT_LOC_STRINGS = YES;
				SWIFT_VERSION = 5.0;
				TARGETED_DEVICE_FAMILY = "1,2";
			};
			name = Debug;
		};
		1434AABB2C8724EC006CFD47 /* Release */ = {
			isa = XCBuildConfiguration;
			buildSettings = {
				ASSETCATALOG_COMPILER_APPICON_NAME = AppIcon;
				ASSETCATALOG_COMPILER_GLOBAL_ACCENT_COLOR_NAME = AccentColor;
				CODE_SIGN_STYLE = Automatic;
				CURRENT_PROJECT_VERSION = 1;
				GENERATE_INFOPLIST_FILE = YES;
				INFOPLIST_FILE = ToDoList/Resources/Info.plist;
				INFOPLIST_KEY_UIApplicationSupportsIndirectInputEvents = YES;
				INFOPLIST_KEY_UILaunchStoryboardName = LaunchScreen;
				INFOPLIST_KEY_UISupportedInterfaceOrientations_iPad = "UIInterfaceOrientationPortrait UIInterfaceOrientationPortraitUpsideDown UIInterfaceOrientationLandscapeLeft UIInterfaceOrientationLandscapeRight";
				INFOPLIST_KEY_UISupportedInterfaceOrientations_iPhone = "UIInterfaceOrientationPortrait UIInterfaceOrientationLandscapeLeft UIInterfaceOrientationLandscapeRight";
				LD_RUNPATH_SEARCH_PATHS = (
					"$(inherited)",
					"@executable_path/Frameworks",
				);
				MARKETING_VERSION = 1.0;
				PRODUCT_BUNDLE_IDENTIFIER = com.example.ToDoList;
				PRODUCT_NAME = "$(TARGET_NAME)";
				SWIFT_EMIT_LOC_STRINGS = YES;
				SWIFT_VERSION = 5.0;
				TARGETED_DEVICE_FAMILY = "1,2";
			};
			name = Release;
		};
		1434AABD2C8724EC006CFD47 /* Debug */ = {
			isa = XCBuildConfiguration;
			buildSettings = {
				ALWAYS_EMBED_SWIFT_STANDARD_LIBRARIES = YES;
				BUNDLE_LOADER = "$(TEST_HOST)";
				CODE_SIGN_STYLE = Automatic;
				CURRENT_PROJECT_VERSION = 1;
				GENERATE_INFOPLIST_FILE = YES;
				IPHONEOS_DEPLOYMENT_TARGET = 17.5;
				MARKETING_VERSION = 1.0;
				PRODUCT_BUNDLE_IDENTIFIER = com.example.ToDoListTests;
				PRODUCT_NAME = "$(TARGET_NAME)";
				SWIFT_EMIT_LOC_STRINGS = NO;
				SWIFT_VERSION = 5.0;
				TARGETED_DEVICE_FAMILY = "1,2";
				TEST_HOST = "$(BUILT_PRODUCTS_DIR)/ToDoList.app/$(BUNDLE_EXECUTABLE_FOLDER_PATH)/ToDoList";
			};
			name = Debug;
		};
		1434AABE2C8724EC006CFD47 /* Release */ = {
			isa = XCBuildConfiguration;
			buildSettings = {
				ALWAYS_EMBED_SWIFT_STANDARD_LIBRARIES = YES;
				BUNDLE_LOADER = "$(TEST_HOST)";
				CODE_SIGN_STYLE = Automatic;
				CURRENT_PROJECT_VERSION = 1;
				GENERATE_INFOPLIST_FILE = YES;
				IPHONEOS_DEPLOYMENT_TARGET = 17.5;
				MARKETING_VERSION = 1.0;
				PRODUCT_BUNDLE_IDENTIFIER = com.example.ToDoListTests;
				PRODUCT_NAME = "$(TARGET_NAME)";
				SWIFT_EMIT_LOC_STRINGS = NO;
				SWIFT_VERSION = 5.0;
				TARGETED_DEVICE_FAMILY = "1,2";
				TEST_HOST = "$(BUILT_PRODUCTS_DIR)/ToDoList.app/$(BUNDLE_EXECUTABLE_FOLDER_PATH)/ToDoList";
			};
			name = Release;
		};
		1434AAC02C8724EC006CFD47 /* Debug */ = {
			isa = XCBuildConfiguration;
			buildSettings = {
				ALWAYS_EMBED_SWIFT_STANDARD_LIBRARIES = YES;
				CODE_SIGN_STYLE = Automatic;
				CURRENT_PROJECT_VERSION = 1;
				GENERATE_INFOPLIST_FILE = YES;
				MARKETING_VERSION = 1.0;
				PRODUCT_BUNDLE_IDENTIFIER = com.example.ToDoListUITests;
				PRODUCT_NAME = "$(TARGET_NAME)";
				SWIFT_EMIT_LOC_STRINGS = NO;
				SWIFT_VERSION = 5.0;
				TARGETED_DEVICE_FAMILY = "1,2";
				TEST_TARGET_NAME = ToDoList;
			};
			name = Debug;
		};
		1434AAC12C8724EC006CFD47 /* Release */ = {
			isa = XCBuildConfiguration;
			buildSettings = {
				ALWAYS_EMBED_SWIFT_STANDARD_LIBRARIES = YES;
				CODE_SIGN_STYLE = Automatic;
				CURRENT_PROJECT_VERSION = 1;
				GENERATE_INFOPLIST_FILE = YES;
				MARKETING_VERSION = 1.0;
				PRODUCT_BUNDLE_IDENTIFIER = com.example.ToDoListUITests;
				PRODUCT_NAME = "$(TARGET_NAME)";
				SWIFT_EMIT_LOC_STRINGS = NO;
				SWIFT_VERSION = 5.0;
				TARGETED_DEVICE_FAMILY = "1,2";
				TEST_TARGET_NAME = ToDoList;
			};
			name = Release;
		};
/* End XCBuildConfiguration section */

/* Begin XCConfigurationList section */
		1434AA8A2C8724E9006CFD47 /* Build configuration list for PBXProject "ToDoList" */ = {
			isa = XCConfigurationList;
			buildConfigurations = (
				1434AAB72C8724EC006CFD47 /* Debug */,
				1434AAB82C8724EC006CFD47 /* Release */,
			);
			defaultConfigurationIsVisible = 0;
			defaultConfigurationName = Release;
		};
		1434AAB92C8724EC006CFD47 /* Build configuration list for PBXNativeTarget "ToDoList" */ = {
			isa = XCConfigurationList;
			buildConfigurations = (
				1434AABA2C8724EC006CFD47 /* Debug */,
				1434AABB2C8724EC006CFD47 /* Release */,
			);
			defaultConfigurationIsVisible = 0;
			defaultConfigurationName = Release;
		};
		1434AABC2C8724EC006CFD47 /* Build configuration list for PBXNativeTarget "ToDoListTests" */ = {
			isa = XCConfigurationList;
			buildConfigurations = (
				1434AABD2C8724EC006CFD47 /* Debug */,
				1434AABE2C8724EC006CFD47 /* Release */,
			);
			defaultConfigurationIsVisible = 0;
			defaultConfigurationName = Release;
		};
		1434AABF2C8724EC006CFD47 /* Build configuration list for PBXNativeTarget "ToDoListUITests" */ = {
			isa = XCConfigurationList;
			buildConfigurations = (
				1434AAC02C8724EC006CFD47 /* Debug */,
				1434AAC12C8724EC006CFD47 /* Release */,
			);
			defaultConfigurationIsVisible = 0;
			defaultConfigurationName = Release;
		};
/* End XCConfigurationList section */

/* Begin XCVersionGroup section */
		1434AAD42C89AD5B006CFD47 /* CoreData.xcdatamodeld */ = {
			isa = XCVersionGroup;
			children = (
				1434AAD52C89AD5B006CFD47 /* CoreData.xcdatamodel */,
			);
			currentVersion = 1434AAD52C89AD5B006CFD47 /* CoreData.xcdatamodel */;
			name = CoreData.xcdatamodeld;
			path = "/Users/arturminnusin/Documents/Репозитории/ToDOApp/ToDoList/ToDoList/Screens/Managers/CoreData/CoreData.xcdatamodeld";
			sourceTree = "<group>";
			versionGroupType = wrapper.xcdatamodel;
		};
/* End XCVersionGroup section */
	};
	rootObject = 1434AA872C8724E9006CFD47 /* Project object */;
}
